
Microsoft Visual Studio Solution File, Format Version 12.00
# Visual Studio Version 17
VisualStudioVersion = 17.7.34031.279
MinimumVisualStudioVersion = 10.0.40219.1
Project("{FAE04EC0-301F-11D3-BF4B-00C04F79EFBC}") = "MauiAppVisit", "MauiAppVisit\MauiAppVisit.csproj", "{6E072500-3A0A-46A7-8D45-44FCF06D2B8F}"
EndProject
Global
	GlobalSection(SolutionConfigurationPlatforms) = preSolution
		Debug|Any CPU = Debug|Any CPU
		Release|Any CPU = Release|Any CPU
	EndGlobalSection
	GlobalSection(ProjectConfigurationPlatforms) = postSolution
		{6E072500-3A0A-46A7-8D45-44FCF06D2B8F}.Debug|Any CPU.ActiveCfg = Debug|Any CPU
		{6E072500-3A0A-46A7-8D45-44FCF06D2B8F}.Debug|Any CPU.Build.0 = Debug|Any CPU
		{6E072500-3A0A-46A7-8D45-44FCF06D2B8F}.Debug|Any CPU.Deploy.0 = Debug|Any CPU
		{6E072500-3A0A-46A7-8D45-44FCF06D2B8F}.Release|Any CPU.ActiveCfg = Release|Any CPU
		{6E072500-3A0A-46A7-8D45-44FCF06D2B8F}.Release|Any CPU.Build.0 = Release|Any CPU
		{6E072500-3A0A-46A7-8D45-44FCF06D2B8F}.Release|Any CPU.Deploy.0 = Release|Any CPU
	EndGlobalSection
	GlobalSection(SolutionProperties) = preSolution
		HideSolutionNode = FALSE
	EndGlobalSection
	GlobalSection(ExtensibilityGlobals) = postSolution
		SolutionGuid = {3B035E7C-C66C-422E-8CB2-536495453517}
	EndGlobalSection
EndGlobal
